
Microsoft Visual Studio Solution File, Format Version 12.00
# Visual Studio Version 17
VisualStudioVersion = 17.5.002.0
MinimumVisualStudioVersion = 10.0.40219.1
Project("{9A19103F-16F7-4668-BE54-9A1E7A4F7556}") = "csharp_password_generator", "csharp_password_generator.csproj", "{4F6C4AC2-35B6-4F23-B379-220F81A62240}"
EndProject
Global
	GlobalSection(SolutionConfigurationPlatforms) = preSolution
		Debug|Any CPU = Debug|Any CPU
		Release|Any CPU = Release|Any CPU
	EndGlobalSection
	GlobalSection(ProjectConfigurationPlatforms) = postSolution
		{4F6C4AC2-35B6-4F23-B379-220F81A62240}.Debug|Any CPU.ActiveCfg = Debug|Any CPU
		{4F6C4AC2-35B6-4F23-B379-220F81A62240}.Debug|Any CPU.Build.0 = Debug|Any CPU
		{4F6C4AC2-35B6-4F23-B379-220F81A62240}.Release|Any CPU.ActiveCfg = Release|Any CPU
		{4F6C4AC2-35B6-4F23-B379-220F81A62240}.Release|Any CPU.Build.0 = Release|Any CPU
	EndGlobalSection
	GlobalSection(SolutionProperties) = preSolution
		HideSolutionNode = FALSE
	EndGlobalSection
	GlobalSection(ExtensibilityGlobals) = postSolution
		SolutionGuid = {06695207-87D0-4325-AFF9-F0B8B2EF013F}
	EndGlobalSection
EndGlobal
